// !$*UTF8*$!
{
	archiveVersion = 1;
	classes = {
	};
	objectVersion = 51;
	objects = {

/* Begin PBXBuildFile section */
		37DC4A19D081A1E488374402 /* Pods_Pokedex.framework in Frameworks */ = {isa = PBXBuildFile; fileRef = 4BDDEA4C4B26E98CD0490011 /* Pods_Pokedex.framework */; };
		6D48ACA4264E89FF009AA0A6 /* PokedexScreen.swift in Sources */ = {isa = PBXBuildFile; fileRef = 6D48ACA3264E89FF009AA0A6 /* PokedexScreen.swift */; };
		6D48ACA6264E98C3009AA0A6 /* PokedexLoading.swift in Sources */ = {isa = PBXBuildFile; fileRef = 6D48ACA5264E98C3009AA0A6 /* PokedexLoading.swift */; };
		6D48ACA8264EA10D009AA0A6 /* PKMFilterButton.swift in Sources */ = {isa = PBXBuildFile; fileRef = 6D48ACA7264EA10D009AA0A6 /* PKMFilterButton.swift */; };
		6D48ACAA264EA1D0009AA0A6 /* PKMFilterView.swift in Sources */ = {isa = PBXBuildFile; fileRef = 6D48ACA9264EA1D0009AA0A6 /* PKMFilterView.swift */; };
		6D48ACAE264EF2B1009AA0A6 /* UIImageView.swift in Sources */ = {isa = PBXBuildFile; fileRef = 6D48ACAD264EF2B1009AA0A6 /* UIImageView.swift */; };
		6D48ACB0264EF7B0009AA0A6 /* UIView.swift in Sources */ = {isa = PBXBuildFile; fileRef = 6D48ACAF264EF7B0009AA0A6 /* UIView.swift */; };
		6D48ACB2264F0312009AA0A6 /* PKMSearchView.swift in Sources */ = {isa = PBXBuildFile; fileRef = 6D48ACB1264F0312009AA0A6 /* PKMSearchView.swift */; };
		6D48ACB4264F031D009AA0A6 /* PKMStatisticView.swift in Sources */ = {isa = PBXBuildFile; fileRef = 6D48ACB3264F031D009AA0A6 /* PKMStatisticView.swift */; };
		6D874076264E6B4C0098323B /* AppDelegate.swift in Sources */ = {isa = PBXBuildFile; fileRef = 6D874075264E6B4C0098323B /* AppDelegate.swift */; };
		6D874078264E6B4C0098323B /* SceneDelegate.swift in Sources */ = {isa = PBXBuildFile; fileRef = 6D874077264E6B4C0098323B /* SceneDelegate.swift */; };
		6D87407A264E6B4C0098323B /* ViewController.swift in Sources */ = {isa = PBXBuildFile; fileRef = 6D874079264E6B4C0098323B /* ViewController.swift */; };
		6D87407D264E6B4C0098323B /* Main.storyboard in Resources */ = {isa = PBXBuildFile; fileRef = 6D87407B264E6B4C0098323B /* Main.storyboard */; };
		6D87407F264E6B510098323B /* Assets.xcassets in Resources */ = {isa = PBXBuildFile; fileRef = 6D87407E264E6B510098323B /* Assets.xcassets */; };
		6D874082264E6B510098323B /* LaunchScreen.storyboard in Resources */ = {isa = PBXBuildFile; fileRef = 6D874080264E6B510098323B /* LaunchScreen.storyboard */; };
		6D87408A264E6C700098323B /* PKMPokemon.swift in Sources */ = {isa = PBXBuildFile; fileRef = 6D874089264E6C700098323B /* PKMPokemon.swift */; };
		6D87408C264E6D300098323B /* PokedexView.swift in Sources */ = {isa = PBXBuildFile; fileRef = 6D87408B264E6D300098323B /* PokedexView.swift */; };
		6DE6B852264FE7BC00994ABB /* PKMSearchInput.swift in Sources */ = {isa = PBXBuildFile; fileRef = 6DE6B851264FE7BC00994ABB /* PKMSearchInput.swift */; };
		6DE6B854264FFBC200994ABB /* Array.swift in Sources */ = {isa = PBXBuildFile; fileRef = 6DE6B853264FFBC200994ABB /* Array.swift */; };
		6DE6B856264FFE8200994ABB /* PKMButton.swift in Sources */ = {isa = PBXBuildFile; fileRef = 6DE6B855264FFE8200994ABB /* PKMButton.swift */; };
/* End PBXBuildFile section */

/* Begin PBXFileReference section */
		4BDDEA4C4B26E98CD0490011 /* Pods_Pokedex.framework */ = {isa = PBXFileReference; explicitFileType = wrapper.framework; includeInIndex = 0; path = Pods_Pokedex.framework; sourceTree = BUILT_PRODUCTS_DIR; };
		6D48ACA3264E89FF009AA0A6 /* PokedexScreen.swift */ = {isa = PBXFileReference; lastKnownFileType = sourcecode.swift; path = PokedexScreen.swift; sourceTree = "<group>"; };
		6D48ACA5264E98C3009AA0A6 /* PokedexLoading.swift */ = {isa = PBXFileReference; lastKnownFileType = sourcecode.swift; path = PokedexLoading.swift; sourceTree = "<group>"; };
		6D48ACA7264EA10D009AA0A6 /* PKMFilterButton.swift */ = {isa = PBXFileReference; lastKnownFileType = sourcecode.swift; path = PKMFilterButton.swift; sourceTree = "<group>"; };
		6D48ACA9264EA1D0009AA0A6 /* PKMFilterView.swift */ = {isa = PBXFileReference; lastKnownFileType = sourcecode.swift; path = PKMFilterView.swift; sourceTree = "<group>"; };
		6D48ACAD264EF2B1009AA0A6 /* UIImageView.swift */ = {isa = PBXFileReference; lastKnownFileType = sourcecode.swift; path = UIImageView.swift; sourceTree = "<group>"; };
		6D48ACAF264EF7B0009AA0A6 /* UIView.swift */ = {isa = PBXFileReference; lastKnownFileType = sourcecode.swift; path = UIView.swift; sourceTree = "<group>"; };
		6D48ACB1264F0312009AA0A6 /* PKMSearchView.swift */ = {isa = PBXFileReference; lastKnownFileType = sourcecode.swift; path = PKMSearchView.swift; sourceTree = "<group>"; };
		6D48ACB3264F031D009AA0A6 /* PKMStatisticView.swift */ = {isa = PBXFileReference; lastKnownFileType = sourcecode.swift; path = PKMStatisticView.swift; sourceTree = "<group>"; };
		6D874072264E6B4C0098323B /* Pokedex.app */ = {isa = PBXFileReference; explicitFileType = wrapper.application; includeInIndex = 0; path = Pokedex.app; sourceTree = BUILT_PRODUCTS_DIR; };
		6D874075264E6B4C0098323B /* AppDelegate.swift */ = {isa = PBXFileReference; lastKnownFileType = sourcecode.swift; path = AppDelegate.swift; sourceTree = "<group>"; };
		6D874077264E6B4C0098323B /* SceneDelegate.swift */ = {isa = PBXFileReference; lastKnownFileType = sourcecode.swift; path = SceneDelegate.swift; sourceTree = "<group>"; };
		6D874079264E6B4C0098323B /* ViewController.swift */ = {isa = PBXFileReference; lastKnownFileType = sourcecode.swift; path = ViewController.swift; sourceTree = "<group>"; };
		6D87407C264E6B4C0098323B /* Base */ = {isa = PBXFileReference; lastKnownFileType = file.storyboard; name = Base; path = Base.lproj/Main.storyboard; sourceTree = "<group>"; };
		6D87407E264E6B510098323B /* Assets.xcassets */ = {isa = PBXFileReference; lastKnownFileType = folder.assetcatalog; path = Assets.xcassets; sourceTree = "<group>"; };
		6D874081264E6B510098323B /* Base */ = {isa = PBXFileReference; lastKnownFileType = file.storyboard; name = Base; path = Base.lproj/LaunchScreen.storyboard; sourceTree = "<group>"; };
		6D874083264E6B510098323B /* Info.plist */ = {isa = PBXFileReference; lastKnownFileType = text.plist.xml; path = Info.plist; sourceTree = "<group>"; };
		6D874089264E6C700098323B /* PKMPokemon.swift */ = {isa = PBXFileReference; lastKnownFileType = sourcecode.swift; path = PKMPokemon.swift; sourceTree = "<group>"; };
		6D87408B264E6D300098323B /* PokedexView.swift */ = {isa = PBXFileReference; lastKnownFileType = sourcecode.swift; path = PokedexView.swift; sourceTree = "<group>"; };
		6DE6B851264FE7BC00994ABB /* PKMSearchInput.swift */ = {isa = PBXFileReference; lastKnownFileType = sourcecode.swift; path = PKMSearchInput.swift; sourceTree = "<group>"; };
		6DE6B853264FFBC200994ABB /* Array.swift */ = {isa = PBXFileReference; lastKnownFileType = sourcecode.swift; path = Array.swift; sourceTree = "<group>"; };
		6DE6B855264FFE8200994ABB /* PKMButton.swift */ = {isa = PBXFileReference; lastKnownFileType = sourcecode.swift; path = PKMButton.swift; sourceTree = "<group>"; };
		C7C7E0744FA7ED9F4B35E2C3 /* Pods-Pokedex.release.xcconfig */ = {isa = PBXFileReference; includeInIndex = 1; lastKnownFileType = text.xcconfig; name = "Pods-Pokedex.release.xcconfig"; path = "Target Support Files/Pods-Pokedex/Pods-Pokedex.release.xcconfig"; sourceTree = "<group>"; };
		E2213836AF451B43EB6DA776 /* Pods-Pokedex.debug.xcconfig */ = {isa = PBXFileReference; includeInIndex = 1; lastKnownFileType = text.xcconfig; name = "Pods-Pokedex.debug.xcconfig"; path = "Target Support Files/Pods-Pokedex/Pods-Pokedex.debug.xcconfig"; sourceTree = "<group>"; };
/* End PBXFileReference section */

/* Begin PBXFrameworksBuildPhase section */
		6D87406F264E6B4C0098323B /* Frameworks */ = {
			isa = PBXFrameworksBuildPhase;
			buildActionMask = 2147483647;
			files = (
				37DC4A19D081A1E488374402 /* Pods_Pokedex.framework in Frameworks */,
			);
			runOnlyForDeploymentPostprocessing = 0;
		};
/* End PBXFrameworksBuildPhase section */

/* Begin PBXGroup section */
		60CCCE36D1082F724CAFC7D2 /* Pods */ = {
			isa = PBXGroup;
			children = (
				E2213836AF451B43EB6DA776 /* Pods-Pokedex.debug.xcconfig */,
				C7C7E0744FA7ED9F4B35E2C3 /* Pods-Pokedex.release.xcconfig */,
			);
			path = Pods;
			sourceTree = "<group>";
		};
		6D874069264E6B4C0098323B = {
			isa = PBXGroup;
			children = (
				6D874074264E6B4C0098323B /* Pokedex */,
				6D874073264E6B4C0098323B /* Products */,
				60CCCE36D1082F724CAFC7D2 /* Pods */,
				9D07D44D692655588045AC66 /* Frameworks */,
			);
			sourceTree = "<group>";
		};
		6D874073264E6B4C0098323B /* Products */ = {
			isa = PBXGroup;
			children = (
				6D874072264E6B4C0098323B /* Pokedex.app */,
			);
			name = Products;
			sourceTree = "<group>";
		};
		6D874074264E6B4C0098323B /* Pokedex */ = {
			isa = PBXGroup;
			children = (
				6D874075264E6B4C0098323B /* AppDelegate.swift */,
				6D874077264E6B4C0098323B /* SceneDelegate.swift */,
				6D874079264E6B4C0098323B /* ViewController.swift */,
				6D87408B264E6D300098323B /* PokedexView.swift */,
				6D48ACA3264E89FF009AA0A6 /* PokedexScreen.swift */,
				6DE6B855264FFE8200994ABB /* PKMButton.swift */,
				6D48ACA9264EA1D0009AA0A6 /* PKMFilterView.swift */,
				6DE6B851264FE7BC00994ABB /* PKMSearchInput.swift */,
				6D48ACA7264EA10D009AA0A6 /* PKMFilterButton.swift */,
				6D48ACA5264E98C3009AA0A6 /* PokedexLoading.swift */,
				6D874089264E6C700098323B /* PKMPokemon.swift */,
				6D48ACB1264F0312009AA0A6 /* PKMSearchView.swift */,
				6D48ACB3264F031D009AA0A6 /* PKMStatisticView.swift */,
				6DE6B857265009A500994ABB /* Extensions */,
				6D87407B264E6B4C0098323B /* Main.storyboard */,
				6D87407E264E6B510098323B /* Assets.xcassets */,
				6D874080264E6B510098323B /* LaunchScreen.storyboard */,
				6D874083264E6B510098323B /* Info.plist */,
			);
			path = Pokedex;
			sourceTree = "<group>";
		};
		6DE6B857265009A500994ABB /* Extensions */ = {
			isa = PBXGroup;
			children = (
				6DE6B853264FFBC200994ABB /* Array.swift */,
				6D48ACAD264EF2B1009AA0A6 /* UIImageView.swift */,
				6D48ACAF264EF7B0009AA0A6 /* UIView.swift */,
			);
			path = Extensions;
			sourceTree = "<group>";
		};
		9D07D44D692655588045AC66 /* Frameworks */ = {
			isa = PBXGroup;
			children = (
				4BDDEA4C4B26E98CD0490011 /* Pods_Pokedex.framework */,
			);
			name = Frameworks;
			sourceTree = "<group>";
		};
/* End PBXGroup section */

/* Begin PBXNativeTarget section */
		6D874071264E6B4C0098323B /* Pokedex */ = {
			isa = PBXNativeTarget;
			buildConfigurationList = 6D874086264E6B510098323B /* Build configuration list for PBXNativeTarget "Pokedex" */;
			buildPhases = (
				5AC79674B15436C15BB41D72 /* [CP] Check Pods Manifest.lock */,
				6D87406E264E6B4C0098323B /* Sources */,
				6D87406F264E6B4C0098323B /* Frameworks */,
				6D874070264E6B4C0098323B /* Resources */,
				1A13F114AE858FC2A0DC2CAC /* [CP] Embed Pods Frameworks */,
			);
			buildRules = (
			);
			dependencies = (
			);
			name = Pokedex;
			productName = Pokedex;
			productReference = 6D874072264E6B4C0098323B /* Pokedex.app */;
			productType = "com.apple.product-type.application";
		};
/* End PBXNativeTarget section */

/* Begin PBXProject section */
		6D87406A264E6B4C0098323B /* Project object */ = {
			isa = PBXProject;
			attributes = {
				LastSwiftUpdateCheck = 1250;
				LastUpgradeCheck = 1250;
				TargetAttributes = {
					6D874071264E6B4C0098323B = {
						CreatedOnToolsVersion = 12.5;
					};
				};
			};
			buildConfigurationList = 6D87406D264E6B4C0098323B /* Build configuration list for PBXProject "Pokedex" */;
			compatibilityVersion = "Xcode 9.3";
			developmentRegion = en;
			hasScannedForEncodings = 0;
			knownRegions = (
				en,
				Base,
			);
			mainGroup = 6D874069264E6B4C0098323B;
			productRefGroup = 6D874073264E6B4C0098323B /* Products */;
			projectDirPath = "";
			projectRoot = "";
			targets = (
				6D874071264E6B4C0098323B /* Pokedex */,
			);
		};
/* End PBXProject section */

/* Begin PBXResourcesBuildPhase section */
		6D874070264E6B4C0098323B /* Resources */ = {
			isa = PBXResourcesBuildPhase;
			buildActionMask = 2147483647;
			files = (
				6D874082264E6B510098323B /* LaunchScreen.storyboard in Resources */,
				6D87407F264E6B510098323B /* Assets.xcassets in Resources */,
				6D87407D264E6B4C0098323B /* Main.storyboard in Resources */,
			);
			runOnlyForDeploymentPostprocessing = 0;
		};
/* End PBXResourcesBuildPhase section */

/* Begin PBXShellScriptBuildPhase section */
		1A13F114AE858FC2A0DC2CAC /* [CP] Embed Pods Frameworks */ = {
			isa = PBXShellScriptBuildPhase;
			buildActionMask = 2147483647;
			files = (
			);
			inputFileListPaths = (
				"${PODS_ROOT}/Target Support Files/Pods-Pokedex/Pods-Pokedex-frameworks-${CONFIGURATION}-input-files.xcfilelist",
			);
			name = "[CP] Embed Pods Frameworks";
			outputFileListPaths = (
				"${PODS_ROOT}/Target Support Files/Pods-Pokedex/Pods-Pokedex-frameworks-${CONFIGURATION}-output-files.xcfilelist",
			);
			runOnlyForDeploymentPostprocessing = 0;
			shellPath = /bin/sh;
			shellScript = "\"${PODS_ROOT}/Target Support Files/Pods-Pokedex/Pods-Pokedex-frameworks.sh\"\n";
			showEnvVarsInLog = 0;
		};
		5AC79674B15436C15BB41D72 /* [CP] Check Pods Manifest.lock */ = {
			isa = PBXShellScriptBuildPhase;
			buildActionMask = 2147483647;
			files = (
			);
			inputFileListPaths = (
			);
			inputPaths = (
				"${PODS_PODFILE_DIR_PATH}/Podfile.lock",
				"${PODS_ROOT}/Manifest.lock",
			);
			name = "[CP] Check Pods Manifest.lock";
			outputFileListPaths = (
			);
			outputPaths = (
				"$(DERIVED_FILE_DIR)/Pods-Pokedex-checkManifestLockResult.txt",
			);
			runOnlyForDeploymentPostprocessing = 0;
			shellPath = /bin/sh;
			shellScript = "diff \"${PODS_PODFILE_DIR_PATH}/Podfile.lock\" \"${PODS_ROOT}/Manifest.lock\" > /dev/null\nif [ $? != 0 ] ; then\n    # print error to STDERR\n    echo \"error: The sandbox is not in sync with the Podfile.lock. Run 'pod install' or update your CocoaPods installation.\" >&2\n    exit 1\nfi\n# This output is used by Xcode 'outputs' to avoid re-running this script phase.\necho \"SUCCESS\" > \"${SCRIPT_OUTPUT_FILE_0}\"\n";
			showEnvVarsInLog = 0;
		};
/* End PBXShellScriptBuildPhase section */

/* Begin PBXSourcesBuildPhase section */
		6D87406E264E6B4C0098323B /* Sources */ = {
			isa = PBXSourcesBuildPhase;
			buildActionMask = 2147483647;
			files = (
				6D87407A264E6B4C0098323B /* ViewController.swift in Sources */,
				6D87408A264E6C700098323B /* PKMPokemon.swift in Sources */,
				6D48ACB0264EF7B0009AA0A6 /* UIView.swift in Sources */,
				6D48ACB2264F0312009AA0A6 /* PKMSearchView.swift in Sources */,
				6D48ACA4264E89FF009AA0A6 /* PokedexScreen.swift in Sources */,
				6D87408C264E6D300098323B /* PokedexView.swift in Sources */,
				6DE6B854264FFBC200994ABB /* Array.swift in Sources */,
				6D874076264E6B4C0098323B /* AppDelegate.swift in Sources */,
				6D48ACAA264EA1D0009AA0A6 /* PKMFilterView.swift in Sources */,
				6D48ACAE264EF2B1009AA0A6 /* UIImageView.swift in Sources */,
				6DE6B852264FE7BC00994ABB /* PKMSearchInput.swift in Sources */,
				6D48ACA6264E98C3009AA0A6 /* PokedexLoading.swift in Sources */,
				6D48ACB4264F031D009AA0A6 /* PKMStatisticView.swift in Sources */,
				6D874078264E6B4C0098323B /* SceneDelegate.swift in Sources */,
				6DE6B856264FFE8200994ABB /* PKMButton.swift in Sources */,
				6D48ACA8264EA10D009AA0A6 /* PKMFilterButton.swift in Sources */,
			);
			runOnlyForDeploymentPostprocessing = 0;
		};
/* End PBXSourcesBuildPhase section */

/* Begin PBXVariantGroup section */
		6D87407B264E6B4C0098323B /* Main.storyboard */ = {
			isa = PBXVariantGroup;
			children = (
				6D87407C264E6B4C0098323B /* Base */,
			);
			name = Main.storyboard;
			sourceTree = "<group>";
		};
		6D874080264E6B510098323B /* LaunchScreen.storyboard */ = {
			isa = PBXVariantGroup;
			children = (
				6D874081264E6B510098323B /* Base */,
			);
			name = LaunchScreen.storyboard;
			sourceTree = "<group>";
		};
/* End PBXVariantGroup section */

/* Begin XCBuildConfiguration section */
		6D874084264E6B510098323B /* Debug */ = {
			isa = XCBuildConfiguration;
			buildSettings = {
				ALWAYS_SEARCH_USER_PATHS = NO;
				CLANG_ANALYZER_NONNULL = YES;
				CLANG_ANALYZER_NUMBER_OBJECT_CONVERSION = YES_AGGRESSIVE;
				CLANG_CXX_LANGUAGE_STANDARD = "gnu++14";
				CLANG_CXX_LIBRARY = "libc++";
				CLANG_ENABLE_MODULES = YES;
				CLANG_ENABLE_OBJC_ARC = YES;
				CLANG_ENABLE_OBJC_WEAK = YES;
				CLANG_WARN_BLOCK_CAPTURE_AUTORELEASING = YES;
				CLANG_WARN_BOOL_CONVERSION = YES;
				CLANG_WARN_COMMA = YES;
				CLANG_WARN_CONSTANT_CONVERSION = YES;
				CLANG_WARN_DEPRECATED_OBJC_IMPLEMENTATIONS = YES;
				CLANG_WARN_DIRECT_OBJC_ISA_USAGE = YES_ERROR;
				CLANG_WARN_DOCUMENTATION_COMMENTS = YES;
				CLANG_WARN_EMPTY_BODY = YES;
				CLANG_WARN_ENUM_CONVERSION = YES;
				CLANG_WARN_INFINITE_RECURSION = YES;
				CLANG_WARN_INT_CONVERSION = YES;
				CLANG_WARN_NON_LITERAL_NULL_CONVERSION = YES;
				CLANG_WARN_OBJC_IMPLICIT_RETAIN_SELF = YES;
				CLANG_WARN_OBJC_LITERAL_CONVERSION = YES;
				CLANG_WARN_OBJC_ROOT_CLASS = YES_ERROR;
				CLANG_WARN_QUOTED_INCLUDE_IN_FRAMEWORK_HEADER = YES;
				CLANG_WARN_RANGE_LOOP_ANALYSIS = YES;
				CLANG_WARN_STRICT_PROTOTYPES = YES;
				CLANG_WARN_SUSPICIOUS_MOVE = YES;
				CLANG_WARN_UNGUARDED_AVAILABILITY = YES_AGGRESSIVE;
				CLANG_WARN_UNREACHABLE_CODE = YES;
				CLANG_WARN__DUPLICATE_METHOD_MATCH = YES;
				COPY_PHASE_STRIP = NO;
				DEBUG_INFORMATION_FORMAT = dwarf;
				ENABLE_STRICT_OBJC_MSGSEND = YES;
				ENABLE_TESTABILITY = YES;
				GCC_C_LANGUAGE_STANDARD = gnu11;
				GCC_DYNAMIC_NO_PIC = NO;
				GCC_NO_COMMON_BLOCKS = YES;
				GCC_OPTIMIZATION_LEVEL = 0;
				GCC_PREPROCESSOR_DEFINITIONS = (
					"DEBUG=1",
					"$(inherited)",
				);
				GCC_WARN_64_TO_32_BIT_CONVERSION = YES;
				GCC_WARN_ABOUT_RETURN_TYPE = YES_ERROR;
				GCC_WARN_UNDECLARED_SELECTOR = YES;
				GCC_WARN_UNINITIALIZED_AUTOS = YES_AGGRESSIVE;
				GCC_WARN_UNUSED_FUNCTION = YES;
				GCC_WARN_UNUSED_VARIABLE = YES;
				IPHONEOS_DEPLOYMENT_TARGET = 14.5;
				MTL_ENABLE_DEBUG_INFO = INCLUDE_SOURCE;
				MTL_FAST_MATH = YES;
				ONLY_ACTIVE_ARCH = YES;
				SDKROOT = iphoneos;
				SWIFT_ACTIVE_COMPILATION_CONDITIONS = DEBUG;
				SWIFT_OPTIMIZATION_LEVEL = "-Onone";
			};
			name = Debug;
		};
		6D874085264E6B510098323B /* Release */ = {
			isa = XCBuildConfiguration;
			buildSettings = {
				ALWAYS_SEARCH_USER_PATHS = NO;
				CLANG_ANALYZER_NONNULL = YES;
				CLANG_ANALYZER_NUMBER_OBJECT_CONVERSION = YES_AGGRESSIVE;
				CLANG_CXX_LANGUAGE_STANDARD = "gnu++14";
				CLANG_CXX_LIBRARY = "libc++";
				CLANG_ENABLE_MODULES = YES;
				CLANG_ENABLE_OBJC_ARC = YES;
				CLANG_ENABLE_OBJC_WEAK = YES;
				CLANG_WARN_BLOCK_CAPTURE_AUTORELEASING = YES;
				CLANG_WARN_BOOL_CONVERSION = YES;
				CLANG_WARN_COMMA = YES;
				CLANG_WARN_CONSTANT_CONVERSION = YES;
				CLANG_WARN_DEPRECATED_OBJC_IMPLEMENTATIONS = YES;
				CLANG_WARN_DIRECT_OBJC_ISA_USAGE = YES_ERROR;
				CLANG_WARN_DOCUMENTATION_COMMENTS = YES;
				CLANG_WARN_EMPTY_BODY = YES;
				CLANG_WARN_ENUM_CONVERSION = YES;
				CLANG_WARN_INFINITE_RECURSION = YES;
				CLANG_WARN_INT_CONVERSION = YES;
				CLANG_WARN_NON_LITERAL_NULL_CONVERSION = YES;
				CLANG_WARN_OBJC_IMPLICIT_RETAIN_SELF = YES;
				CLANG_WARN_OBJC_LITERAL_CONVERSION = YES;
				CLANG_WARN_OBJC_ROOT_CLASS = YES_ERROR;
				CLANG_WARN_QUOTED_INCLUDE_IN_FRAMEWORK_HEADER = YES;
				CLANG_WARN_RANGE_LOOP_ANALYSIS = YES;
				CLANG_WARN_STRICT_PROTOTYPES = YES;
				CLANG_WARN_SUSPICIOUS_MOVE = YES;
				CLANG_WARN_UNGUARDED_AVAILABILITY = YES_AGGRESSIVE;
				CLANG_WARN_UNREACHABLE_CODE = YES;
				CLANG_WARN__DUPLICATE_METHOD_MATCH = YES;
				COPY_PHASE_STRIP = NO;
				DEBUG_INFORMATION_FORMAT = "dwarf-with-dsym";
				ENABLE_NS_ASSERTIONS = NO;
				ENABLE_STRICT_OBJC_MSGSEND = YES;
				GCC_C_LANGUAGE_STANDARD = gnu11;
				GCC_NO_COMMON_BLOCKS = YES;
				GCC_WARN_64_TO_32_BIT_CONVERSION = YES;
				GCC_WARN_ABOUT_RETURN_TYPE = YES_ERROR;
				GCC_WARN_UNDECLARED_SELECTOR = YES;
				GCC_WARN_UNINITIALIZED_AUTOS = YES_AGGRESSIVE;
				GCC_WARN_UNUSED_FUNCTION = YES;
				GCC_WARN_UNUSED_VARIABLE = YES;
				IPHONEOS_DEPLOYMENT_TARGET = 14.5;
				MTL_ENABLE_DEBUG_INFO = NO;
				MTL_FAST_MATH = YES;
				SDKROOT = iphoneos;
				SWIFT_COMPILATION_MODE = wholemodule;
				SWIFT_OPTIMIZATION_LEVEL = "-O";
				VALIDATE_PRODUCT = YES;
			};
			name = Release;
		};
		6D874087264E6B510098323B /* Debug */ = {
			isa = XCBuildConfiguration;
			baseConfigurationReference = E2213836AF451B43EB6DA776 /* Pods-Pokedex.debug.xcconfig */;
			buildSettings = {
				ASSETCATALOG_COMPILER_APPICON_NAME = AppIcon;
				ASSETCATALOG_COMPILER_GLOBAL_ACCENT_COLOR_NAME = AccentColor;
				CODE_SIGN_STYLE = Automatic;
				DEVELOPMENT_TEAM = J3C436QQA9;
				INFOPLIST_FILE = Pokedex/Info.plist;
				LD_RUNPATH_SEARCH_PATHS = (
					"$(inherited)",
					"@executable_path/Frameworks",
				);
				MARKETING_VERSION = 1.5;
				PRODUCT_BUNDLE_IDENTIFIER = karlcridland.Pokedex;
				PRODUCT_NAME = "$(TARGET_NAME)";
				SWIFT_VERSION = 5.0;
				TARGETED_DEVICE_FAMILY = 1;
			};
			name = Debug;
		};
		6D874088264E6B510098323B /* Release */ = {
			isa = XCBuildConfiguration;
			baseConfigurationReference = C7C7E0744FA7ED9F4B35E2C3 /* Pods-Pokedex.release.xcconfig */;
			buildSettings = {
				ASSETCATALOG_COMPILER_APPICON_NAME = AppIcon;
				ASSETCATALOG_COMPILER_GLOBAL_ACCENT_COLOR_NAME = AccentColor;
				CODE_SIGN_STYLE = Automatic;
				DEVELOPMENT_TEAM = J3C436QQA9;
				INFOPLIST_FILE = Pokedex/Info.plist;
				LD_RUNPATH_SEARCH_PATHS = (
					"$(inherited)",
					"@executable_path/Frameworks",
				);
				MARKETING_VERSION = 1.5;
				PRODUCT_BUNDLE_IDENTIFIER = karlcridland.Pokedex;
				PRODUCT_NAME = "$(TARGET_NAME)";
				SWIFT_VERSION = 5.0;
				TARGETED_DEVICE_FAMILY = 1;
			};
			name = Release;
		};
/* End XCBuildConfiguration section */

/* Begin XCConfigurationList section */
		6D87406D264E6B4C0098323B /* Build configuration list for PBXProject "Pokedex" */ = {
			isa = XCConfigurationList;
			buildConfigurations = (
				6D874084264E6B510098323B /* Debug */,
				6D874085264E6B510098323B /* Release */,
			);
			defaultConfigurationIsVisible = 0;
			defaultConfigurationName = Release;
		};
		6D874086264E6B510098323B /* Build configuration list for PBXNativeTarget "Pokedex" */ = {
			isa = XCConfigurationList;
			buildConfigurations = (
				6D874087264E6B510098323B /* Debug */,
				6D874088264E6B510098323B /* Release */,
			);
			defaultConfigurationIsVisible = 0;
			defaultConfigurationName = Release;
		};
/* End XCConfigurationList section */
	};
	rootObject = 6D87406A264E6B4C0098323B /* Project object */;
}
